
Microsoft Visual Studio Solution File, Format Version 12.00
# Visual Studio Version 17
VisualStudioVersion = 17.14.36301.6 d17.14
MinimumVisualStudioVersion = 10.0.40219.1
Project("{FAE04EC0-301F-11D3-BF4B-00C04F79EFBC}") = "One-To-Many", "One-To-Many\One-To-Many.csproj", "{B46D05E2-2FAD-4CBA-ADAE-2F8B0715CDE4}"
EndProject
Global
	GlobalSection(SolutionConfigurationPlatforms) = preSolution
		Debug|Any CPU = Debug|Any CPU
		Release|Any CPU = Release|Any CPU
	EndGlobalSection
	GlobalSection(ProjectConfigurationPlatforms) = postSolution
		{B46D05E2-2FAD-4CBA-ADAE-2F8B0715CDE4}.Debug|Any CPU.ActiveCfg = Debug|Any CPU
		{B46D05E2-2FAD-4CBA-ADAE-2F8B0715CDE4}.Debug|Any CPU.Build.0 = Debug|Any CPU
		{B46D05E2-2FAD-4CBA-ADAE-2F8B0715CDE4}.Release|Any CPU.ActiveCfg = Release|Any CPU
		{B46D05E2-2FAD-4CBA-ADAE-2F8B0715CDE4}.Release|Any CPU.Build.0 = Release|Any CPU
	EndGlobalSection
	GlobalSection(SolutionProperties) = preSolution
		HideSolutionNode = FALSE
	EndGlobalSection
	GlobalSection(ExtensibilityGlobals) = postSolution
		SolutionGuid = {91F81C0C-7B22-4EC4-8AF1-92AEEA516ADB}
	EndGlobalSection
EndGlobal
